
Microsoft Visual Studio Solution File, Format Version 12.00
# Visual Studio Version 17
VisualStudioVersion = 17.5.33502.453
MinimumVisualStudioVersion = 10.0.40219.1
Project("{FAE04EC0-301F-11D3-BF4B-00C04F79EFBC}") = "ConQuersumme", "ConQuersumme\ConQuersumme.csproj", "{2CEA5FDB-5F1F-4437-8D96-B1AB5F8BC6AE}"
EndProject
Global
	GlobalSection(SolutionConfigurationPlatforms) = preSolution
		Debug|Any CPU = Debug|Any CPU
		Release|Any CPU = Release|Any CPU
	EndGlobalSection
	GlobalSection(ProjectConfigurationPlatforms) = postSolution
		{2CEA5FDB-5F1F-4437-8D96-B1AB5F8BC6AE}.Debug|Any CPU.ActiveCfg = Debug|Any CPU
		{2CEA5FDB-5F1F-4437-8D96-B1AB5F8BC6AE}.Debug|Any CPU.Build.0 = Debug|Any CPU
		{2CEA5FDB-5F1F-4437-8D96-B1AB5F8BC6AE}.Release|Any CPU.ActiveCfg = Release|Any CPU
		{2CEA5FDB-5F1F-4437-8D96-B1AB5F8BC6AE}.Release|Any CPU.Build.0 = Release|Any CPU
	EndGlobalSection
	GlobalSection(SolutionProperties) = preSolution
		HideSolutionNode = FALSE
	EndGlobalSection
	GlobalSection(ExtensibilityGlobals) = postSolution
		SolutionGuid = {AC24A5F0-76F1-4659-88E2-32F25F6D8210}
	EndGlobalSection
EndGlobal
