
Microsoft Visual Studio Solution File, Format Version 12.00
# Visual Studio Version 17
VisualStudioVersion = 17.5.33502.453
MinimumVisualStudioVersion = 10.0.40219.1
Project("{FAE04EC0-301F-11D3-BF4B-00C04F79EFBC}") = "WpfZahlenreihe", "WpfZahlenreihe\WpfZahlenreihe.csproj", "{F566F38C-BE58-43F9-870E-011FAA72A031}"
EndProject
Global
	GlobalSection(SolutionConfigurationPlatforms) = preSolution
		Debug|Any CPU = Debug|Any CPU
		Release|Any CPU = Release|Any CPU
	EndGlobalSection
	GlobalSection(ProjectConfigurationPlatforms) = postSolution
		{F566F38C-BE58-43F9-870E-011FAA72A031}.Debug|Any CPU.ActiveCfg = Debug|Any CPU
		{F566F38C-BE58-43F9-870E-011FAA72A031}.Debug|Any CPU.Build.0 = Debug|Any CPU
		{F566F38C-BE58-43F9-870E-011FAA72A031}.Release|Any CPU.ActiveCfg = Release|Any CPU
		{F566F38C-BE58-43F9-870E-011FAA72A031}.Release|Any CPU.Build.0 = Release|Any CPU
	EndGlobalSection
	GlobalSection(SolutionProperties) = preSolution
		HideSolutionNode = FALSE
	EndGlobalSection
	GlobalSection(ExtensibilityGlobals) = postSolution
		SolutionGuid = {7CF9F7A7-F9E1-4C37-AC34-30D7F1B6BB94}
	EndGlobalSection
EndGlobal
