
Microsoft Visual Studio Solution File, Format Version 12.00
# Visual Studio Version 17
VisualStudioVersion = 17.5.33502.453
MinimumVisualStudioVersion = 10.0.40219.1
Project("{FAE04EC0-301F-11D3-BF4B-00C04F79EFBC}") = "WpfBubblesort", "WpfBubblesort\WpfBubblesort.csproj", "{4CCD34A0-301E-40C0-AAF1-9E6019A863F7}"
EndProject
Global
	GlobalSection(SolutionConfigurationPlatforms) = preSolution
		Debug|Any CPU = Debug|Any CPU
		Release|Any CPU = Release|Any CPU
	EndGlobalSection
	GlobalSection(ProjectConfigurationPlatforms) = postSolution
		{4CCD34A0-301E-40C0-AAF1-9E6019A863F7}.Debug|Any CPU.ActiveCfg = Debug|Any CPU
		{4CCD34A0-301E-40C0-AAF1-9E6019A863F7}.Debug|Any CPU.Build.0 = Debug|Any CPU
		{4CCD34A0-301E-40C0-AAF1-9E6019A863F7}.Release|Any CPU.ActiveCfg = Release|Any CPU
		{4CCD34A0-301E-40C0-AAF1-9E6019A863F7}.Release|Any CPU.Build.0 = Release|Any CPU
	EndGlobalSection
	GlobalSection(SolutionProperties) = preSolution
		HideSolutionNode = FALSE
	EndGlobalSection
	GlobalSection(ExtensibilityGlobals) = postSolution
		SolutionGuid = {E2BA75AA-CEAE-41B5-8F17-82D29CCB83F1}
	EndGlobalSection
EndGlobal
